
Microsoft Visual Studio Solution File, Format Version 12.00
# Visual Studio 2013
VisualStudioVersion = 12.0.21005.1
MinimumVisualStudioVersion = 10.0.40219.1
Project("{F184B08F-C81C-45F6-A57F-5ABD9991F28F}") = "Fingerprint Information System", "Fingerprint Information System.vbproj", "{60329ADC-BC87-4F1C-9EF9-889CB89FE0CC}"
EndProject
Global
	GlobalSection(SolutionConfigurationPlatforms) = preSolution
		Debug|Any CPU = Debug|Any CPU
		Debug|x86 = Debug|x86
		Release|Any CPU = Release|Any CPU
		Release|x86 = Release|x86
	EndGlobalSection
	GlobalSection(ProjectConfigurationPlatforms) = postSolution
		{60329ADC-BC87-4F1C-9EF9-889CB89FE0CC}.Debug|Any CPU.ActiveCfg = Debug|Any CPU
		{60329ADC-BC87-4F1C-9EF9-889CB89FE0CC}.Debug|Any CPU.Build.0 = Debug|Any CPU
		{60329ADC-BC87-4F1C-9EF9-889CB89FE0CC}.Debug|x86.ActiveCfg = Debug|x86
		{60329ADC-BC87-4F1C-9EF9-889CB89FE0CC}.Debug|x86.Build.0 = Debug|x86
		{60329ADC-BC87-4F1C-9EF9-889CB89FE0CC}.Release|Any CPU.ActiveCfg = Release|Any CPU
		{60329ADC-BC87-4F1C-9EF9-889CB89FE0CC}.Release|Any CPU.Build.0 = Release|Any CPU
		{60329ADC-BC87-4F1C-9EF9-889CB89FE0CC}.Release|x86.ActiveCfg = Release|x86
		{60329ADC-BC87-4F1C-9EF9-889CB89FE0CC}.Release|x86.Build.0 = Release|x86
	EndGlobalSection
	GlobalSection(SolutionProperties) = preSolution
		HideSolutionNode = FALSE
	EndGlobalSection
EndGlobal
